
Microsoft Visual Studio Solution File, Format Version 12.00
# Visual Studio Version 17
VisualStudioVersion = 17.5.33424.131
MinimumVisualStudioVersion = 10.0.40219.1
Project("{FAE04EC0-301F-11D3-BF4B-00C04F79EFBC}") = "AppGraficar", "AppGraficar\AppGraficar.csproj", "{BA246A1B-0BF8-4041-92F8-FA0F8957F373}"
EndProject
Global
	GlobalSection(SolutionConfigurationPlatforms) = preSolution
		Debug|Any CPU = Debug|Any CPU
		Release|Any CPU = Release|Any CPU
	EndGlobalSection
	GlobalSection(ProjectConfigurationPlatforms) = postSolution
		{BA246A1B-0BF8-4041-92F8-FA0F8957F373}.Debug|Any CPU.ActiveCfg = Debug|Any CPU
		{BA246A1B-0BF8-4041-92F8-FA0F8957F373}.Debug|Any CPU.Build.0 = Debug|Any CPU
		{BA246A1B-0BF8-4041-92F8-FA0F8957F373}.Release|Any CPU.ActiveCfg = Release|Any CPU
		{BA246A1B-0BF8-4041-92F8-FA0F8957F373}.Release|Any CPU.Build.0 = Release|Any CPU
	EndGlobalSection
	GlobalSection(SolutionProperties) = preSolution
		HideSolutionNode = FALSE
	EndGlobalSection
	GlobalSection(ExtensibilityGlobals) = postSolution
		SolutionGuid = {A74072CB-98B7-49D1-BD0D-D7562B66ED93}
	EndGlobalSection
EndGlobal
